// !$*UTF8*$!
{
	archiveVersion = 1;
	classes = {
	};
	objectVersion = 77;
	objects = {

/* Begin PBXBuildFile section */
		AA000000000000000000005B /* Travel8torWidgets.appex in Embed Foundation Extensions */ = {isa = PBXBuildFile; fileRef = AA0000000000000000000057 /* Travel8torWidgets.appex */; settings = {ATTRIBUTES = (RemoveHeadersOnCopy, ); }; };
		AA0000000000000000000070 /* DeskLiveActivity.swift in Sources */ = {isa = PBXBuildFile; fileRef = AA0000000000000000000060 /* DeskLiveActivity.swift */; };
		AA0000000000000000000071 /* DeskActivity.swift in Sources */ = {isa = PBXBuildFile; fileRef = AA0000000000000000000062 /* DeskActivity.swift */; };
		AA0000000000000000000072 /* Palette.swift in Sources */ = {isa = PBXBuildFile; fileRef = AA0000000000000000000063 /* Palette.swift */; };
		AA0000000000000000000073 /* Typography.swift in Sources */ = {isa = PBXBuildFile; fileRef = AA0000000000000000000064 /* Typography.swift */; };
		AA0000000000000000000074 /* BookingTypes.swift in Sources */ = {isa = PBXBuildFile; fileRef = AA0000000000000000000065 /* BookingTypes.swift */; };
		AA0000000000000000000075 /* SpaceMono-Regular.ttf in Resources */ = {isa = PBXBuildFile; fileRef = AA0000000000000000000066 /* SpaceMono-Regular.ttf */; };
		AA0000000000000000000076 /* SpaceMono-Bold.ttf in Resources */ = {isa = PBXBuildFile; fileRef = AA0000000000000000000067 /* SpaceMono-Bold.ttf */; };
		AA0000000000000000000077 /* LockScreenPanel.swift in Sources */ = {isa = PBXBuildFile; fileRef = AA0000000000000000000068 /* LockScreenPanel.swift */; };
		AA0000000000000000000078 /* LockScreenPanel.swift in Sources */ = {isa = PBXBuildFile; fileRef = AA0000000000000000000068 /* LockScreenPanel.swift */; };
		AA0000000000000000000079 /* Abbreviate.swift in Sources */ = {isa = PBXBuildFile; fileRef = AA0000000000000000000069 /* Abbreviate.swift */; };
/* End PBXBuildFile section */

/* Begin PBXContainerItemProxy section */
		AA000000000000000000003A /* PBXContainerItemProxy */ = {
			isa = PBXContainerItemProxy;
			containerPortal = AA0000000000000000000001 /* Project object */;
			proxyType = 1;
			remoteGlobalIDString = AA0000000000000000000010;
			remoteInfo = Travel8tor;
		};
		AA000000000000000000005A /* PBXContainerItemProxy */ = {
			isa = PBXContainerItemProxy;
			containerPortal = AA0000000000000000000001 /* Project object */;
			proxyType = 1;
			remoteGlobalIDString = AA0000000000000000000050;
			remoteInfo = Travel8torWidgets;
		};
/* End PBXContainerItemProxy section */

/* Begin PBXCopyFilesBuildPhase section */
		AA0000000000000000000058 /* Embed Foundation Extensions */ = {
			isa = PBXCopyFilesBuildPhase;
			buildActionMask = 2147483647;
			dstPath = "";
			dstSubfolderSpec = 13;
			files = (
				AA000000000000000000005B /* Travel8torWidgets.appex in Embed Foundation Extensions */,
			);
			name = "Embed Foundation Extensions";
			runOnlyForDeploymentPostprocessing = 0;
		};
/* End PBXCopyFilesBuildPhase section */

/* Begin PBXFileReference section */
		AA0000000000000000000018 /* Travel8tor.app */ = {isa = PBXFileReference; explicitFileType = wrapper.application; includeInIndex = 0; path = Travel8tor.app; sourceTree = BUILT_PRODUCTS_DIR; };
		AA0000000000000000000037 /* Travel8torTests.xctest */ = {isa = PBXFileReference; explicitFileType = wrapper.cfbundle; includeInIndex = 0; path = Travel8torTests.xctest; sourceTree = BUILT_PRODUCTS_DIR; };
		AA0000000000000000000057 /* Travel8torWidgets.appex */ = {isa = PBXFileReference; explicitFileType = "wrapper.app-extension"; includeInIndex = 0; path = Travel8torWidgets.appex; sourceTree = BUILT_PRODUCTS_DIR; };
		AA0000000000000000000060 /* DeskLiveActivity.swift */ = {isa = PBXFileReference; lastKnownFileType = sourcecode.swift; path = DeskLiveActivity.swift; sourceTree = "<group>"; };
		AA0000000000000000000061 /* Info.plist */ = {isa = PBXFileReference; lastKnownFileType = text.plist.xml; path = Info.plist; sourceTree = "<group>"; };
		AA0000000000000000000062 /* DeskActivity.swift */ = {isa = PBXFileReference; lastKnownFileType = sourcecode.swift; name = DeskActivity.swift; path = Travel8tor/Arrival/DeskActivity.swift; sourceTree = SOURCE_ROOT; };
		AA0000000000000000000063 /* Palette.swift */ = {isa = PBXFileReference; lastKnownFileType = sourcecode.swift; name = Palette.swift; path = Travel8tor/DesignSystem/Palette.swift; sourceTree = SOURCE_ROOT; };
		AA0000000000000000000064 /* Typography.swift */ = {isa = PBXFileReference; lastKnownFileType = sourcecode.swift; name = Typography.swift; path = Travel8tor/DesignSystem/Typography.swift; sourceTree = SOURCE_ROOT; };
		AA0000000000000000000065 /* BookingTypes.swift */ = {isa = PBXFileReference; lastKnownFileType = sourcecode.swift; name = BookingTypes.swift; path = Travel8tor/Domain/BookingTypes.swift; sourceTree = SOURCE_ROOT; };
		AA0000000000000000000066 /* SpaceMono-Regular.ttf */ = {isa = PBXFileReference; lastKnownFileType = file; name = "SpaceMono-Regular.ttf"; path = "Travel8tor/Resources/Fonts/SpaceMono-Regular.ttf"; sourceTree = SOURCE_ROOT; };
		AA0000000000000000000067 /* SpaceMono-Bold.ttf */ = {isa = PBXFileReference; lastKnownFileType = file; name = "SpaceMono-Bold.ttf"; path = "Travel8tor/Resources/Fonts/SpaceMono-Bold.ttf"; sourceTree = SOURCE_ROOT; };
		AA0000000000000000000068 /* LockScreenPanel.swift */ = {isa = PBXFileReference; lastKnownFileType = sourcecode.swift; path = LockScreenPanel.swift; sourceTree = "<group>"; };
		AA0000000000000000000069 /* Abbreviate.swift */ = {isa = PBXFileReference; lastKnownFileType = sourcecode.swift; name = Abbreviate.swift; path = Travel8tor/Presentation/Abbreviate.swift; sourceTree = SOURCE_ROOT; };
/* End PBXFileReference section */

/* Begin PBXFileSystemSynchronizedBuildFileExceptionSet section */
		AA000000000000000000001A /* Exceptions for "Travel8tor" folder in "Travel8tor" target */ = {
			isa = PBXFileSystemSynchronizedBuildFileExceptionSet;
			membershipExceptions = (
				Info.plist,
			);
			target = AA0000000000000000000010 /* Travel8tor */;
		};
/* End PBXFileSystemSynchronizedBuildFileExceptionSet section */

/* Begin PBXFileSystemSynchronizedRootGroup section */
		AA0000000000000000000019 /* Travel8tor */ = {
			isa = PBXFileSystemSynchronizedRootGroup;
			exceptions = (
				AA000000000000000000001A /* Exceptions for "Travel8tor" folder in "Travel8tor" target */,
			);
			path = Travel8tor;
			sourceTree = "<group>";
		};
		AA0000000000000000000038 /* Travel8torTests */ = {
			isa = PBXFileSystemSynchronizedRootGroup;
			path = Travel8torTests;
			sourceTree = "<group>";
		};
/* End PBXFileSystemSynchronizedRootGroup section */

/* Begin PBXFrameworksBuildPhase section */
		AA0000000000000000000015 /* Frameworks */ = {
			isa = PBXFrameworksBuildPhase;
			buildActionMask = 2147483647;
			files = (
			);
			runOnlyForDeploymentPostprocessing = 0;
		};
		AA0000000000000000000035 /* Frameworks */ = {
			isa = PBXFrameworksBuildPhase;
			buildActionMask = 2147483647;
			files = (
			);
			runOnlyForDeploymentPostprocessing = 0;
		};
/* End PBXFrameworksBuildPhase section */

/* Begin PBXGroup section */
		AA0000000000000000000002 = {
			isa = PBXGroup;
			children = (
				AA0000000000000000000019 /* Travel8tor */,
				AA000000000000000000005C /* Travel8torWidgets */,
				AA0000000000000000000038 /* Travel8torTests */,
				AA0000000000000000000003 /* Products */,
			);
			sourceTree = "<group>";
		};
		AA0000000000000000000003 /* Products */ = {
			isa = PBXGroup;
			children = (
				AA0000000000000000000018 /* Travel8tor.app */,
				AA0000000000000000000037 /* Travel8torTests.xctest */,
				AA0000000000000000000057 /* Travel8torWidgets.appex */,
			);
			name = Products;
			sourceTree = "<group>";
		};
		AA000000000000000000005C /* Travel8torWidgets */ = {
			isa = PBXGroup;
			children = (
				AA0000000000000000000060 /* DeskLiveActivity.swift */,
				AA0000000000000000000068 /* LockScreenPanel.swift */,
				AA0000000000000000000061 /* Info.plist */,
				AA000000000000000000005D /* Shared with the app */,
			);
			path = Travel8torWidgets;
			sourceTree = "<group>";
		};
		AA000000000000000000005D /* Shared with the app */ = {
			isa = PBXGroup;
			children = (
				AA0000000000000000000062 /* DeskActivity.swift */,
				AA0000000000000000000063 /* Palette.swift */,
				AA0000000000000000000064 /* Typography.swift */,
				AA0000000000000000000065 /* BookingTypes.swift */,
				AA0000000000000000000069 /* Abbreviate.swift */,
				AA0000000000000000000066 /* SpaceMono-Regular.ttf */,
				AA0000000000000000000067 /* SpaceMono-Bold.ttf */,
			);
			name = "Shared with the app";
			sourceTree = "<group>";
		};
/* End PBXGroup section */

/* Begin PBXNativeTarget section */
		AA0000000000000000000010 /* Travel8tor */ = {
			isa = PBXNativeTarget;
			buildConfigurationList = AA0000000000000000000011 /* Build configuration list for PBXNativeTarget "Travel8tor" */;
			buildPhases = (
				AA0000000000000000000014 /* Sources */,
				AA0000000000000000000015 /* Frameworks */,
				AA0000000000000000000016 /* Resources */,
				AA0000000000000000000058 /* Embed Foundation Extensions */,
			);
			buildRules = (
			);
			dependencies = (
				AA0000000000000000000059 /* PBXTargetDependency */,
			);
			fileSystemSynchronizedGroups = (
				AA0000000000000000000019 /* Travel8tor */,
			);
			name = Travel8tor;
			packageProductDependencies = (
			);
			productName = Travel8tor;
			productReference = AA0000000000000000000018 /* Travel8tor.app */;
			productType = "com.apple.product-type.application";
		};
		AA0000000000000000000030 /* Travel8torTests */ = {
			isa = PBXNativeTarget;
			buildConfigurationList = AA0000000000000000000031 /* Build configuration list for PBXNativeTarget "Travel8torTests" */;
			buildPhases = (
				AA0000000000000000000034 /* Sources */,
				AA0000000000000000000035 /* Frameworks */,
				AA0000000000000000000036 /* Resources */,
			);
			buildRules = (
			);
			dependencies = (
				AA0000000000000000000039 /* PBXTargetDependency */,
			);
			fileSystemSynchronizedGroups = (
				AA0000000000000000000038 /* Travel8torTests */,
			);
			name = Travel8torTests;
			packageProductDependencies = (
			);
			productName = Travel8torTests;
			productReference = AA0000000000000000000037 /* Travel8torTests.xctest */;
			productType = "com.apple.product-type.bundle.unit-test";
		};
		AA0000000000000000000050 /* Travel8torWidgets */ = {
			isa = PBXNativeTarget;
			buildConfigurationList = AA0000000000000000000051 /* Build configuration list for PBXNativeTarget "Travel8torWidgets" */;
			buildPhases = (
				AA0000000000000000000054 /* Sources */,
				AA0000000000000000000056 /* Resources */,
			);
			buildRules = (
			);
			dependencies = (
			);
			name = Travel8torWidgets;
			packageProductDependencies = (
			);
			productName = Travel8torWidgets;
			productReference = AA0000000000000000000057 /* Travel8torWidgets.appex */;
			productType = "com.apple.product-type.app-extension";
		};
/* End PBXNativeTarget section */

/* Begin PBXProject section */
		AA0000000000000000000001 /* Project object */ = {
			isa = PBXProject;
			attributes = {
				BuildIndependentTargetsInParallel = 1;
				LastSwiftUpdateCheck = 2630;
				LastUpgradeCheck = 2630;
				TargetAttributes = {
					AA0000000000000000000010 = {
						CreatedOnToolsVersion = 26.3;
					};
					AA0000000000000000000030 = {
						CreatedOnToolsVersion = 26.3;
						TestTargetID = AA0000000000000000000010;
					};
					AA0000000000000000000050 = {
						CreatedOnToolsVersion = 26.3;
					};
				};
			};
			buildConfigurationList = AA0000000000000000000004 /* Build configuration list for PBXProject "Travel8tor" */;
			developmentRegion = en;
			hasScannedForEncodings = 0;
			knownRegions = (
				en,
				Base,
			);
			mainGroup = AA0000000000000000000002;
			minimizedProjectReferenceProxies = 1;
			preferredProjectObjectVersion = 77;
			productRefGroup = AA0000000000000000000003 /* Products */;
			projectDirPath = "";
			projectRoot = "";
			targets = (
				AA0000000000000000000010 /* Travel8tor */,
				AA0000000000000000000030 /* Travel8torTests */,
				AA0000000000000000000050 /* Travel8torWidgets */,
			);
		};
/* End PBXProject section */

/* Begin PBXResourcesBuildPhase section */
		AA0000000000000000000016 /* Resources */ = {
			isa = PBXResourcesBuildPhase;
			buildActionMask = 2147483647;
			files = (
			);
			runOnlyForDeploymentPostprocessing = 0;
		};
		AA0000000000000000000036 /* Resources */ = {
			isa = PBXResourcesBuildPhase;
			buildActionMask = 2147483647;
			files = (
			);
			runOnlyForDeploymentPostprocessing = 0;
		};
		AA0000000000000000000056 /* Resources */ = {
			isa = PBXResourcesBuildPhase;
			buildActionMask = 2147483647;
			files = (
				AA0000000000000000000075 /* SpaceMono-Regular.ttf in Resources */,
				AA0000000000000000000076 /* SpaceMono-Bold.ttf in Resources */,
			);
			runOnlyForDeploymentPostprocessing = 0;
		};
/* End PBXResourcesBuildPhase section */

/* Begin PBXSourcesBuildPhase section */
		AA0000000000000000000014 /* Sources */ = {
			isa = PBXSourcesBuildPhase;
			buildActionMask = 2147483647;
			files = (
				AA0000000000000000000078 /* LockScreenPanel.swift in Sources */,
			);
			runOnlyForDeploymentPostprocessing = 0;
		};
		AA0000000000000000000034 /* Sources */ = {
			isa = PBXSourcesBuildPhase;
			buildActionMask = 2147483647;
			files = (
			);
			runOnlyForDeploymentPostprocessing = 0;
		};
		AA0000000000000000000054 /* Sources */ = {
			isa = PBXSourcesBuildPhase;
			buildActionMask = 2147483647;
			files = (
				AA0000000000000000000070 /* DeskLiveActivity.swift in Sources */,
				AA0000000000000000000077 /* LockScreenPanel.swift in Sources */,
				AA0000000000000000000071 /* DeskActivity.swift in Sources */,
				AA0000000000000000000072 /* Palette.swift in Sources */,
				AA0000000000000000000073 /* Typography.swift in Sources */,
				AA0000000000000000000074 /* BookingTypes.swift in Sources */,
				AA0000000000000000000079 /* Abbreviate.swift in Sources */,
			);
			runOnlyForDeploymentPostprocessing = 0;
		};
/* End PBXSourcesBuildPhase section */

/* Begin PBXTargetDependency section */
		AA0000000000000000000039 /* PBXTargetDependency */ = {
			isa = PBXTargetDependency;
			target = AA0000000000000000000010 /* Travel8tor */;
			targetProxy = AA000000000000000000003A /* PBXContainerItemProxy */;
		};
		AA0000000000000000000059 /* PBXTargetDependency */ = {
			isa = PBXTargetDependency;
			target = AA0000000000000000000050 /* Travel8torWidgets */;
			targetProxy = AA000000000000000000005A /* PBXContainerItemProxy */;
		};
/* End PBXTargetDependency section */

/* Begin XCBuildConfiguration section */
		AA0000000000000000000005 /* Debug */ = {
			isa = XCBuildConfiguration;
			buildSettings = {
				ALWAYS_SEARCH_USER_PATHS = NO;
				ASSETCATALOG_COMPILER_GENERATE_SWIFT_ASSET_SYMBOL_EXTENSIONS = YES;
				CLANG_ANALYZER_NONNULL = YES;
				CLANG_ANALYZER_NUMBER_OBJECT_CONVERSION = YES_AGGRESSIVE;
				CLANG_ENABLE_MODULES = YES;
				CLANG_ENABLE_OBJC_ARC = YES;
				CLANG_ENABLE_OBJC_WEAK = YES;
				CLANG_WARN_BOOL_CONVERSION = YES;
				CLANG_WARN_DOCUMENTATION_COMMENTS = YES;
				CLANG_WARN_EMPTY_BODY = YES;
				CLANG_WARN_UNREACHABLE_CODE = YES;
				COPY_PHASE_STRIP = NO;
				DEBUG_INFORMATION_FORMAT = dwarf;
				ENABLE_STRICT_OBJC_MSGSEND = YES;
				ENABLE_TESTABILITY = YES;
				ENABLE_USER_SCRIPT_SANDBOXING = YES;
				GCC_C_LANGUAGE_STANDARD = gnu17;
				GCC_DYNAMIC_NO_PIC = NO;
				GCC_NO_COMMON_BLOCKS = YES;
				GCC_OPTIMIZATION_LEVEL = 0;
				GCC_PREPROCESSOR_DEFINITIONS = (
					"DEBUG=1",
					"$(inherited)",
				);
				GCC_WARN_UNDECLARED_SELECTOR = YES;
				GCC_WARN_UNINITIALIZED_AUTOS = YES_AGGRESSIVE;
				GCC_WARN_UNUSED_FUNCTION = YES;
				GCC_WARN_UNUSED_VARIABLE = YES;
				IPHONEOS_DEPLOYMENT_TARGET = 26.0;
				LOCALIZATION_PREFERS_STRING_CATALOGS = YES;
				MTL_ENABLE_DEBUG_INFO = INCLUDE_SOURCE;
				MTL_FAST_MATH = YES;
				ONLY_ACTIVE_ARCH = YES;
				SDKROOT = iphoneos;
				STRING_CATALOG_GENERATE_SYMBOLS = YES;
				SWIFT_ACTIVE_COMPILATION_CONDITIONS = "DEBUG $(inherited)";
				SWIFT_APPROACHABLE_CONCURRENCY = YES;
				SWIFT_DEFAULT_ACTOR_ISOLATION = MainActor;
				SWIFT_OPTIMIZATION_LEVEL = "-Onone";
				SWIFT_STRICT_CONCURRENCY = Complete;
				SWIFT_VERSION = 6.0;
			};
			name = Debug;
		};
		AA0000000000000000000006 /* Release */ = {
			isa = XCBuildConfiguration;
			buildSettings = {
				ALWAYS_SEARCH_USER_PATHS = NO;
				ASSETCATALOG_COMPILER_GENERATE_SWIFT_ASSET_SYMBOL_EXTENSIONS = YES;
				CLANG_ANALYZER_NONNULL = YES;
				CLANG_ANALYZER_NUMBER_OBJECT_CONVERSION = YES_AGGRESSIVE;
				CLANG_ENABLE_MODULES = YES;
				CLANG_ENABLE_OBJC_ARC = YES;
				CLANG_ENABLE_OBJC_WEAK = YES;
				CLANG_WARN_BOOL_CONVERSION = YES;
				CLANG_WARN_DOCUMENTATION_COMMENTS = YES;
				CLANG_WARN_EMPTY_BODY = YES;
				CLANG_WARN_UNREACHABLE_CODE = YES;
				COPY_PHASE_STRIP = NO;
				DEBUG_INFORMATION_FORMAT = "dwarf-with-dsym";
				ENABLE_NS_ASSERTIONS = NO;
				ENABLE_STRICT_OBJC_MSGSEND = YES;
				ENABLE_USER_SCRIPT_SANDBOXING = YES;
				GCC_C_LANGUAGE_STANDARD = gnu17;
				GCC_NO_COMMON_BLOCKS = YES;
				GCC_WARN_UNDECLARED_SELECTOR = YES;
				GCC_WARN_UNINITIALIZED_AUTOS = YES_AGGRESSIVE;
				GCC_WARN_UNUSED_FUNCTION = YES;
				GCC_WARN_UNUSED_VARIABLE = YES;
				IPHONEOS_DEPLOYMENT_TARGET = 26.0;
				LOCALIZATION_PREFERS_STRING_CATALOGS = YES;
				MTL_ENABLE_DEBUG_INFO = NO;
				MTL_FAST_MATH = YES;
				SDKROOT = iphoneos;
				STRING_CATALOG_GENERATE_SYMBOLS = YES;
				SWIFT_APPROACHABLE_CONCURRENCY = YES;
				SWIFT_COMPILATION_MODE = wholemodule;
				SWIFT_DEFAULT_ACTOR_ISOLATION = MainActor;
				SWIFT_STRICT_CONCURRENCY = Complete;
				SWIFT_VERSION = 6.0;
				VALIDATE_PRODUCT = YES;
			};
			name = Release;
		};
		AA0000000000000000000012 /* Debug */ = {
			isa = XCBuildConfiguration;
			buildSettings = {
				ASSETCATALOG_COMPILER_APPICON_NAME = AppIcon;
				ASSETCATALOG_COMPILER_GLOBAL_ACCENT_COLOR_NAME = AccentColor;
				CODE_SIGN_STYLE = Automatic;
				CURRENT_PROJECT_VERSION = 1;
				DEVELOPMENT_TEAM = 98355YQ22M;
				ENABLE_PREVIEWS = YES;
				GENERATE_INFOPLIST_FILE = YES;
				INFOPLIST_FILE = Travel8tor/Info.plist;
				INFOPLIST_KEY_UIApplicationSceneManifest_Generation = YES;
				INFOPLIST_KEY_UILaunchScreen_Generation = YES;
				INFOPLIST_KEY_UISupportedInterfaceOrientations = UIInterfaceOrientationPortrait;
				INFOPLIST_KEY_UIUserInterfaceStyle = Dark;
				LD_RUNPATH_SEARCH_PATHS = (
					"$(inherited)",
					"@executable_path/Frameworks",
				);
				MARKETING_VERSION = 0.1;
				PRODUCT_BUNDLE_IDENTIFIER = com.thegregorysonline.travel8tor;
				PRODUCT_NAME = "$(TARGET_NAME)";
				SWIFT_EMIT_LOC_STRINGS = YES;
				TARGETED_DEVICE_FAMILY = 1;
			};
			name = Debug;
		};
		AA0000000000000000000013 /* Release */ = {
			isa = XCBuildConfiguration;
			buildSettings = {
				ASSETCATALOG_COMPILER_APPICON_NAME = AppIcon;
				ASSETCATALOG_COMPILER_GLOBAL_ACCENT_COLOR_NAME = AccentColor;
				CODE_SIGN_STYLE = Automatic;
				CURRENT_PROJECT_VERSION = 1;
				DEVELOPMENT_TEAM = 98355YQ22M;
				ENABLE_PREVIEWS = YES;
				GENERATE_INFOPLIST_FILE = YES;
				INFOPLIST_FILE = Travel8tor/Info.plist;
				INFOPLIST_KEY_UIApplicationSceneManifest_Generation = YES;
				INFOPLIST_KEY_UILaunchScreen_Generation = YES;
				INFOPLIST_KEY_UISupportedInterfaceOrientations = UIInterfaceOrientationPortrait;
				INFOPLIST_KEY_UIUserInterfaceStyle = Dark;
				LD_RUNPATH_SEARCH_PATHS = (
					"$(inherited)",
					"@executable_path/Frameworks",
				);
				MARKETING_VERSION = 0.1;
				PRODUCT_BUNDLE_IDENTIFIER = com.thegregorysonline.travel8tor;
				PRODUCT_NAME = "$(TARGET_NAME)";
				SWIFT_EMIT_LOC_STRINGS = YES;
				TARGETED_DEVICE_FAMILY = 1;
			};
			name = Release;
		};
		AA0000000000000000000032 /* Debug */ = {
			isa = XCBuildConfiguration;
			buildSettings = {
				BUNDLE_LOADER = "$(TEST_HOST)";
				CODE_SIGN_STYLE = Automatic;
				CURRENT_PROJECT_VERSION = 1;
				GENERATE_INFOPLIST_FILE = YES;
				MARKETING_VERSION = 0.1;
				PRODUCT_BUNDLE_IDENTIFIER = com.thegregorysonline.travel8tor.tests;
				PRODUCT_NAME = "$(TARGET_NAME)";
				SWIFT_EMIT_LOC_STRINGS = NO;
				TARGETED_DEVICE_FAMILY = 1;
				TEST_HOST = "$(BUILT_PRODUCTS_DIR)/Travel8tor.app/$(BUNDLE_EXECUTABLE_FOLDER_PATH)/Travel8tor";
			};
			name = Debug;
		};
		AA0000000000000000000033 /* Release */ = {
			isa = XCBuildConfiguration;
			buildSettings = {
				BUNDLE_LOADER = "$(TEST_HOST)";
				CODE_SIGN_STYLE = Automatic;
				CURRENT_PROJECT_VERSION = 1;
				GENERATE_INFOPLIST_FILE = YES;
				MARKETING_VERSION = 0.1;
				PRODUCT_BUNDLE_IDENTIFIER = com.thegregorysonline.travel8tor.tests;
				PRODUCT_NAME = "$(TARGET_NAME)";
				SWIFT_EMIT_LOC_STRINGS = NO;
				TARGETED_DEVICE_FAMILY = 1;
				TEST_HOST = "$(BUILT_PRODUCTS_DIR)/Travel8tor.app/$(BUNDLE_EXECUTABLE_FOLDER_PATH)/Travel8tor";
			};
			name = Release;
		};
		AA0000000000000000000052 /* Debug */ = {
			isa = XCBuildConfiguration;
			buildSettings = {
				CODE_SIGN_STYLE = Automatic;
				CURRENT_PROJECT_VERSION = 1;
				DEVELOPMENT_TEAM = 98355YQ22M;
				GENERATE_INFOPLIST_FILE = YES;
				INFOPLIST_FILE = Travel8torWidgets/Info.plist;
				INFOPLIST_KEY_CFBundleDisplayName = Travel8tor;
				INFOPLIST_KEY_NSHumanReadableCopyright = "";
				LD_RUNPATH_SEARCH_PATHS = (
					"$(inherited)",
					"@executable_path/Frameworks",
					"@executable_path/../../Frameworks",
				);
				MARKETING_VERSION = 0.1;
				PRODUCT_BUNDLE_IDENTIFIER = com.thegregorysonline.travel8tor.widgets;
				PRODUCT_NAME = "$(TARGET_NAME)";
				SKIP_INSTALL = YES;
				SWIFT_EMIT_LOC_STRINGS = YES;
				TARGETED_DEVICE_FAMILY = 1;
			};
			name = Debug;
		};
		AA0000000000000000000053 /* Release */ = {
			isa = XCBuildConfiguration;
			buildSettings = {
				CODE_SIGN_STYLE = Automatic;
				CURRENT_PROJECT_VERSION = 1;
				DEVELOPMENT_TEAM = 98355YQ22M;
				GENERATE_INFOPLIST_FILE = YES;
				INFOPLIST_FILE = Travel8torWidgets/Info.plist;
				INFOPLIST_KEY_CFBundleDisplayName = Travel8tor;
				INFOPLIST_KEY_NSHumanReadableCopyright = "";
				LD_RUNPATH_SEARCH_PATHS = (
					"$(inherited)",
					"@executable_path/Frameworks",
					"@executable_path/../../Frameworks",
				);
				MARKETING_VERSION = 0.1;
				PRODUCT_BUNDLE_IDENTIFIER = com.thegregorysonline.travel8tor.widgets;
				PRODUCT_NAME = "$(TARGET_NAME)";
				SKIP_INSTALL = YES;
				SWIFT_EMIT_LOC_STRINGS = YES;
				TARGETED_DEVICE_FAMILY = 1;
			};
			name = Release;
		};
/* End XCBuildConfiguration section */

/* Begin XCConfigurationList section */
		AA0000000000000000000004 /* Build configuration list for PBXProject "Travel8tor" */ = {
			isa = XCConfigurationList;
			buildConfigurations = (
				AA0000000000000000000005 /* Debug */,
				AA0000000000000000000006 /* Release */,
			);
			defaultConfigurationIsVisible = 0;
			defaultConfigurationName = Release;
		};
		AA0000000000000000000011 /* Build configuration list for PBXNativeTarget "Travel8tor" */ = {
			isa = XCConfigurationList;
			buildConfigurations = (
				AA0000000000000000000012 /* Debug */,
				AA0000000000000000000013 /* Release */,
			);
			defaultConfigurationIsVisible = 0;
			defaultConfigurationName = Release;
		};
		AA0000000000000000000031 /* Build configuration list for PBXNativeTarget "Travel8torTests" */ = {
			isa = XCConfigurationList;
			buildConfigurations = (
				AA0000000000000000000032 /* Debug */,
				AA0000000000000000000033 /* Release */,
			);
			defaultConfigurationIsVisible = 0;
			defaultConfigurationName = Release;
		};
		AA0000000000000000000051 /* Build configuration list for PBXNativeTarget "Travel8torWidgets" */ = {
			isa = XCConfigurationList;
			buildConfigurations = (
				AA0000000000000000000052 /* Debug */,
				AA0000000000000000000053 /* Release */,
			);
			defaultConfigurationIsVisible = 0;
			defaultConfigurationName = Release;
		};
/* End XCConfigurationList section */
	};
	rootObject = AA0000000000000000000001 /* Project object */;
}
